{
  "name": "Student Quality Assessment System",
  "description": "A digital student quality and skill assessment system for primary school teachers to evaluate behavior and extracurricular skills with offline support and Google Sheets synchronization.",
  "requestFramePermissions": [],
  "majorCapabilities": ["MAJOR_CAPABILITY_SERVER_SIDE_GEMINI_API"]
}
